{
  "name": "portfoilio-site",
  "version": "1.0.0",
  "lockfileVersion": 1,
  "requires": true,
  "dependencies": {
    "stylelint-config-prettier": {
      "version": "9.0.3",
      "resolved": "https://registry.npmjs.org/stylelint-config-prettier/-/stylelint-config-prettier-9.0.3.tgz",
      "integrity": "sha512-5n9gUDp/n5tTMCq1GLqSpA30w2sqWITSSEiAWQlpxkKGAUbjcemQ0nbkRvRUa0B1LgD3+hCvdL7B1eTxy1QHJg==",
      "dev": true
    },
    "stylelint-config-recommended": {
      "version": "7.0.0",
      "resolved": "https://registry.npmjs.org/stylelint-config-recommended/-/stylelint-config-recommended-7.0.0.tgz",
      "integrity": "sha512-yGn84Bf/q41J4luis1AZ95gj0EQwRX8lWmGmBwkwBNSkpGSpl66XcPTulxGa/Z91aPoNGuIGBmFkcM1MejMo9Q==",
      "dev": true
    },
    "stylelint-config-standard": {
      "version": "25.0.0",
      "resolved": "https://registry.npmjs.org/stylelint-config-standard/-/stylelint-config-standard-25.0.0.tgz",
      "integrity": "sha512-21HnP3VSpaT1wFjFvv9VjvOGDtAviv47uTp3uFmzcN+3Lt+RYRv6oAplLaV51Kf792JSxJ6svCJh/G18E9VnCA==",
      "dev": true,
      "requires": {
        "stylelint-config-recommended": "^7.0.0"
      }
    }
  }
}
